// !$*UTF8*$!
{
	archiveVersion = 1;
	classes = {
	};
	objectVersion = 46;
	objects = {

/* Begin PBXBuildFile section */
		362DF4D5204FE823009D01D3 /* Utils.m in Sources */ = {isa = PBXBuildFile; fileRef = 362DF4D4204FE823009D01D3 /* Utils.m */; };
		368AFA5D204D29FB00ABB362 /* libWeChatSDK.a in Frameworks */ = {isa = PBXBuildFile; fileRef = 368AFA5A204D29FB00ABB362 /* libWeChatSDK.a */; };
		368AFA60204D399A00ABB362 /* WXApiRequestHandler.m in Sources */ = {isa = PBXBuildFile; fileRef = 368AFA5F204D399A00ABB362 /* WXApiRequestHandler.m */; };
		368AFA66204D3A2400ABB362 /* SendMessageToWXReq+requestWithTextOrMediaMessage.m in Sources */ = {isa = PBXBuildFile; fileRef = 368AFA65204D3A2400ABB362 /* SendMessageToWXReq+requestWithTextOrMediaMessage.m */; };
		368AFA69204D3A3000ABB362 /* WXMediaMessage+messageConstruct.m in Sources */ = {isa = PBXBuildFile; fileRef = 368AFA68204D3A3000ABB362 /* WXMediaMessage+messageConstruct.m */; };
		368AFA6B204D3A7E00ABB362 /* WXApiResponseHandler.m in Sources */ = {isa = PBXBuildFile; fileRef = 368AFA6A204D3A7E00ABB362 /* WXApiResponseHandler.m */; };
		368AFA6F204D3A8D00ABB362 /* GetMessageFromWXResp+responseWithTextOrMediaMessage.m in Sources */ = {isa = PBXBuildFile; fileRef = 368AFA6E204D3A8D00ABB362 /* GetMessageFromWXResp+responseWithTextOrMediaMessage.m */; };
		B3E7B58A1CC2AC0600A0062D /* RNWechat.m in Sources */ = {isa = PBXBuildFile; fileRef = B3E7B5891CC2AC0600A0062D /* RNWechat.m */; };
/* End PBXBuildFile section */

/* Begin PBXCopyFilesBuildPhase section */
		58B511D91A9E6C8500147676 /* CopyFiles */ = {
			isa = PBXCopyFilesBuildPhase;
			buildActionMask = 2147483647;
			dstPath = "include/$(PRODUCT_NAME)";
			dstSubfolderSpec = 16;
			files = (
			);
			runOnlyForDeploymentPostprocessing = 0;
		};
/* End PBXCopyFilesBuildPhase section */

/* Begin PBXFileReference section */
		134814201AA4EA6300B7C361 /* libRNWechat.a */ = {isa = PBXFileReference; explicitFileType = archive.ar; includeInIndex = 0; path = libRNWechat.a; sourceTree = BUILT_PRODUCTS_DIR; };
		362DF4D4204FE823009D01D3 /* Utils.m */ = {isa = PBXFileReference; lastKnownFileType = sourcecode.c.objc; path = Utils.m; sourceTree = "<group>"; };
		362DF4D6204FEB38009D01D3 /* Utils.h */ = {isa = PBXFileReference; lastKnownFileType = sourcecode.c.h; path = Utils.h; sourceTree = "<group>"; };
		368AFA59204D29FB00ABB362 /* WechatAuthSDK.h */ = {isa = PBXFileReference; fileEncoding = 4; lastKnownFileType = sourcecode.c.h; name = WechatAuthSDK.h; path = Wechat/WechatAuthSDK.h; sourceTree = "<group>"; };
		368AFA5A204D29FB00ABB362 /* libWeChatSDK.a */ = {isa = PBXFileReference; lastKnownFileType = archive.ar; name = libWeChatSDK.a; path = Wechat/libWeChatSDK.a; sourceTree = "<group>"; };
		368AFA5B204D29FB00ABB362 /* WXApiObject.h */ = {isa = PBXFileReference; fileEncoding = 4; lastKnownFileType = sourcecode.c.h; name = WXApiObject.h; path = Wechat/WXApiObject.h; sourceTree = "<group>"; };
		368AFA5C204D29FB00ABB362 /* WXApi.h */ = {isa = PBXFileReference; fileEncoding = 4; lastKnownFileType = sourcecode.c.h; name = WXApi.h; path = Wechat/WXApi.h; sourceTree = "<group>"; };
		368AFA5E204D399500ABB362 /* WXApiRequestHandler.h */ = {isa = PBXFileReference; lastKnownFileType = sourcecode.c.h; path = WXApiRequestHandler.h; sourceTree = "<group>"; };
		368AFA5F204D399A00ABB362 /* WXApiRequestHandler.m */ = {isa = PBXFileReference; lastKnownFileType = sourcecode.c.objc; path = WXApiRequestHandler.m; sourceTree = "<group>"; };
		368AFA64204D3A1F00ABB362 /* SendMessageToWXReq+requestWithTextOrMediaMessage.h */ = {isa = PBXFileReference; lastKnownFileType = sourcecode.c.h; path = "SendMessageToWXReq+requestWithTextOrMediaMessage.h"; sourceTree = "<group>"; };
		368AFA65204D3A2400ABB362 /* SendMessageToWXReq+requestWithTextOrMediaMessage.m */ = {isa = PBXFileReference; lastKnownFileType = sourcecode.c.objc; path = "SendMessageToWXReq+requestWithTextOrMediaMessage.m"; sourceTree = "<group>"; };
		368AFA67204D3A2D00ABB362 /* WXMediaMessage+messageConstruct.h */ = {isa = PBXFileReference; lastKnownFileType = sourcecode.c.h; path = "WXMediaMessage+messageConstruct.h"; sourceTree = "<group>"; };
		368AFA68204D3A3000ABB362 /* WXMediaMessage+messageConstruct.m */ = {isa = PBXFileReference; lastKnownFileType = sourcecode.c.objc; path = "WXMediaMessage+messageConstruct.m"; sourceTree = "<group>"; };
		368AFA6A204D3A7E00ABB362 /* WXApiResponseHandler.m */ = {isa = PBXFileReference; lastKnownFileType = sourcecode.c.objc; path = WXApiResponseHandler.m; sourceTree = "<group>"; };
		368AFA6C204D3A8100ABB362 /* WXApiResponseHandler.h */ = {isa = PBXFileReference; lastKnownFileType = sourcecode.c.h; path = WXApiResponseHandler.h; sourceTree = "<group>"; };
		368AFA6D204D3A8B00ABB362 /* GetMessageFromWXResp+responseWithTextOrMediaMessage.h */ = {isa = PBXFileReference; lastKnownFileType = sourcecode.c.h; path = "GetMessageFromWXResp+responseWithTextOrMediaMessage.h"; sourceTree = "<group>"; };
		368AFA6E204D3A8D00ABB362 /* GetMessageFromWXResp+responseWithTextOrMediaMessage.m */ = {isa = PBXFileReference; lastKnownFileType = sourcecode.c.objc; path = "GetMessageFromWXResp+responseWithTextOrMediaMessage.m"; sourceTree = "<group>"; };
		B3E7B5881CC2AC0600A0062D /* RNWechat.h */ = {isa = PBXFileReference; fileEncoding = 4; lastKnownFileType = sourcecode.c.h; path = RNWechat.h; sourceTree = "<group>"; };
		B3E7B5891CC2AC0600A0062D /* RNWechat.m */ = {isa = PBXFileReference; fileEncoding = 4; lastKnownFileType = sourcecode.c.objc; path = RNWechat.m; sourceTree = "<group>"; };
/* End PBXFileReference section */

/* Begin PBXFrameworksBuildPhase section */
		58B511D81A9E6C8500147676 /* Frameworks */ = {
			isa = PBXFrameworksBuildPhase;
			buildActionMask = 2147483647;
			files = (
				368AFA5D204D29FB00ABB362 /* libWeChatSDK.a in Frameworks */,
			);
			runOnlyForDeploymentPostprocessing = 0;
		};
/* End PBXFrameworksBuildPhase section */

/* Begin PBXGroup section */
		134814211AA4EA7D00B7C361 /* Products */ = {
			isa = PBXGroup;
			children = (
				134814201AA4EA6300B7C361 /* libRNWechat.a */,
			);
			name = Products;
			sourceTree = "<group>";
		};
		36751C7D204EA21300E6C291 /* Handler */ = {
			isa = PBXGroup;
			children = (
				368AFA5E204D399500ABB362 /* WXApiRequestHandler.h */,
				368AFA5F204D399A00ABB362 /* WXApiRequestHandler.m */,
				368AFA6C204D3A8100ABB362 /* WXApiResponseHandler.h */,
				368AFA6A204D3A7E00ABB362 /* WXApiResponseHandler.m */,
			);
			path = Handler;
			sourceTree = "<group>";
		};
		36751C7E204EA21C00E6C291 /* Helper */ = {
			isa = PBXGroup;
			children = (
				368AFA64204D3A1F00ABB362 /* SendMessageToWXReq+requestWithTextOrMediaMessage.h */,
				368AFA65204D3A2400ABB362 /* SendMessageToWXReq+requestWithTextOrMediaMessage.m */,
				368AFA6D204D3A8B00ABB362 /* GetMessageFromWXResp+responseWithTextOrMediaMessage.h */,
				368AFA6E204D3A8D00ABB362 /* GetMessageFromWXResp+responseWithTextOrMediaMessage.m */,
				368AFA67204D3A2D00ABB362 /* WXMediaMessage+messageConstruct.h */,
				368AFA68204D3A3000ABB362 /* WXMediaMessage+messageConstruct.m */,
			);
			path = Helper;
			sourceTree = "<group>";
		};
		368AFA58204D29DF00ABB362 /* Wechat */ = {
			isa = PBXGroup;
			children = (
				368AFA59204D29FB00ABB362 /* WechatAuthSDK.h */,
				368AFA5C204D29FB00ABB362 /* WXApi.h */,
				368AFA5B204D29FB00ABB362 /* WXApiObject.h */,
				368AFA5A204D29FB00ABB362 /* libWeChatSDK.a */,
			);
			name = Wechat;
			sourceTree = "<group>";
		};
		58B511D21A9E6C8500147676 = {
			isa = PBXGroup;
			children = (
				B3E7B5881CC2AC0600A0062D /* RNWechat.h */,
				B3E7B5891CC2AC0600A0062D /* RNWechat.m */,
				362DF4D6204FEB38009D01D3 /* Utils.h */,
				362DF4D4204FE823009D01D3 /* Utils.m */,
				36751C7D204EA21300E6C291 /* Handler */,
				36751C7E204EA21C00E6C291 /* Helper */,
				368AFA58204D29DF00ABB362 /* Wechat */,
				134814211AA4EA7D00B7C361 /* Products */,
			);
			sourceTree = "<group>";
		};
/* End PBXGroup section */

/* Begin PBXNativeTarget section */
		58B511DA1A9E6C8500147676 /* RNWechat */ = {
			isa = PBXNativeTarget;
			buildConfigurationList = 58B511EF1A9E6C8500147676 /* Build configuration list for PBXNativeTarget "RNWechat" */;
			buildPhases = (
				58B511D71A9E6C8500147676 /* Sources */,
				58B511D81A9E6C8500147676 /* Frameworks */,
				58B511D91A9E6C8500147676 /* CopyFiles */,
			);
			buildRules = (
			);
			dependencies = (
			);
			name = RNWechat;
			productName = RCTDataManager;
			productReference = 134814201AA4EA6300B7C361 /* libRNWechat.a */;
			productType = "com.apple.product-type.library.static";
		};
/* End PBXNativeTarget section */

/* Begin PBXProject section */
		58B511D31A9E6C8500147676 /* Project object */ = {
			isa = PBXProject;
			attributes = {
				LastUpgradeCheck = 0830;
				ORGANIZATIONNAME = Facebook;
				TargetAttributes = {
					58B511DA1A9E6C8500147676 = {
						CreatedOnToolsVersion = 6.1.1;
					};
				};
			};
			buildConfigurationList = 58B511D61A9E6C8500147676 /* Build configuration list for PBXProject "RNWechat" */;
			compatibilityVersion = "Xcode 3.2";
			developmentRegion = English;
			hasScannedForEncodings = 0;
			knownRegions = (
				en,
			);
			mainGroup = 58B511D21A9E6C8500147676;
			productRefGroup = 58B511D21A9E6C8500147676;
			projectDirPath = "";
			projectRoot = "";
			targets = (
				58B511DA1A9E6C8500147676 /* RNWechat */,
			);
		};
/* End PBXProject section */

/* Begin PBXSourcesBuildPhase section */
		58B511D71A9E6C8500147676 /* Sources */ = {
			isa = PBXSourcesBuildPhase;
			buildActionMask = 2147483647;
			files = (
				368AFA69204D3A3000ABB362 /* WXMediaMessage+messageConstruct.m in Sources */,
				368AFA6B204D3A7E00ABB362 /* WXApiResponseHandler.m in Sources */,
				368AFA6F204D3A8D00ABB362 /* GetMessageFromWXResp+responseWithTextOrMediaMessage.m in Sources */,
				368AFA66204D3A2400ABB362 /* SendMessageToWXReq+requestWithTextOrMediaMessage.m in Sources */,
				368AFA60204D399A00ABB362 /* WXApiRequestHandler.m in Sources */,
				362DF4D5204FE823009D01D3 /* Utils.m in Sources */,
				B3E7B58A1CC2AC0600A0062D /* RNWechat.m in Sources */,
			);
			runOnlyForDeploymentPostprocessing = 0;
		};
/* End PBXSourcesBuildPhase section */

/* Begin XCBuildConfiguration section */
		58B511ED1A9E6C8500147676 /* Debug */ = {
			isa = XCBuildConfiguration;
			buildSettings = {
				ALWAYS_SEARCH_USER_PATHS = NO;
				CLANG_CXX_LANGUAGE_STANDARD = "gnu++0x";
				CLANG_CXX_LIBRARY = "libc++";
				CLANG_ENABLE_MODULES = YES;
				CLANG_ENABLE_OBJC_ARC = YES;
				CLANG_WARN_BOOL_CONVERSION = YES;
				CLANG_WARN_CONSTANT_CONVERSION = YES;
				CLANG_WARN_DIRECT_OBJC_ISA_USAGE = YES_ERROR;
				CLANG_WARN_EMPTY_BODY = YES;
				CLANG_WARN_ENUM_CONVERSION = YES;
				CLANG_WARN_INFINITE_RECURSION = YES;
				CLANG_WARN_INT_CONVERSION = YES;
				CLANG_WARN_OBJC_ROOT_CLASS = YES_ERROR;
				CLANG_WARN_SUSPICIOUS_MOVE = YES;
				CLANG_WARN_UNREACHABLE_CODE = YES;
				CLANG_WARN__DUPLICATE_METHOD_MATCH = YES;
				COPY_PHASE_STRIP = NO;
				ENABLE_STRICT_OBJC_MSGSEND = YES;
				ENABLE_TESTABILITY = YES;
				GCC_C_LANGUAGE_STANDARD = gnu99;
				GCC_DYNAMIC_NO_PIC = NO;
				GCC_NO_COMMON_BLOCKS = YES;
				GCC_OPTIMIZATION_LEVEL = 0;
				GCC_PREPROCESSOR_DEFINITIONS = (
					"DEBUG=1",
					"$(inherited)",
				);
				GCC_SYMBOLS_PRIVATE_EXTERN = NO;
				GCC_WARN_64_TO_32_BIT_CONVERSION = YES;
				GCC_WARN_ABOUT_RETURN_TYPE = YES_ERROR;
				GCC_WARN_UNDECLARED_SELECTOR = YES;
				GCC_WARN_UNINITIALIZED_AUTOS = YES_AGGRESSIVE;
				GCC_WARN_UNUSED_FUNCTION = YES;
				GCC_WARN_UNUSED_VARIABLE = YES;
				IPHONEOS_DEPLOYMENT_TARGET = 8.0;
				MTL_ENABLE_DEBUG_INFO = YES;
				ONLY_ACTIVE_ARCH = YES;
				SDKROOT = iphoneos;
			};
			name = Debug;
		};
		58B511EE1A9E6C8500147676 /* Release */ = {
			isa = XCBuildConfiguration;
			buildSettings = {
				ALWAYS_SEARCH_USER_PATHS = NO;
				CLANG_CXX_LANGUAGE_STANDARD = "gnu++0x";
				CLANG_CXX_LIBRARY = "libc++";
				CLANG_ENABLE_MODULES = YES;
				CLANG_ENABLE_OBJC_ARC = YES;
				CLANG_WARN_BOOL_CONVERSION = YES;
				CLANG_WARN_CONSTANT_CONVERSION = YES;
				CLANG_WARN_DIRECT_OBJC_ISA_USAGE = YES_ERROR;
				CLANG_WARN_EMPTY_BODY = YES;
				CLANG_WARN_ENUM_CONVERSION = YES;
				CLANG_WARN_INFINITE_RECURSION = YES;
				CLANG_WARN_INT_CONVERSION = YES;
				CLANG_WARN_OBJC_ROOT_CLASS = YES_ERROR;
				CLANG_WARN_SUSPICIOUS_MOVE = YES;
				CLANG_WARN_UNREACHABLE_CODE = YES;
				CLANG_WARN__DUPLICATE_METHOD_MATCH = YES;
				COPY_PHASE_STRIP = YES;
				ENABLE_NS_ASSERTIONS = NO;
				ENABLE_STRICT_OBJC_MSGSEND = YES;
				GCC_C_LANGUAGE_STANDARD = gnu99;
				GCC_NO_COMMON_BLOCKS = YES;
				GCC_WARN_64_TO_32_BIT_CONVERSION = YES;
				GCC_WARN_ABOUT_RETURN_TYPE = YES_ERROR;
				GCC_WARN_UNDECLARED_SELECTOR = YES;
				GCC_WARN_UNINITIALIZED_AUTOS = YES_AGGRESSIVE;
				GCC_WARN_UNUSED_FUNCTION = YES;
				GCC_WARN_UNUSED_VARIABLE = YES;
				IPHONEOS_DEPLOYMENT_TARGET = 8.0;
				MTL_ENABLE_DEBUG_INFO = NO;
				SDKROOT = iphoneos;
				VALIDATE_PRODUCT = YES;
			};
			name = Release;
		};
		58B511F01A9E6C8500147676 /* Debug */ = {
			isa = XCBuildConfiguration;
			buildSettings = {
				HEADER_SEARCH_PATHS = (
					"$(inherited)",
					"$(SRCROOT)/Wechat",
				);
				LIBRARY_SEARCH_PATHS = (
					"$(inherited)",
					"$(PROJECT_DIR)/Wechat",
				);
				OTHER_LDFLAGS = "-ObjC";
				PRODUCT_NAME = RNWechat;
				SKIP_INSTALL = YES;
			};
			name = Debug;
		};
		58B511F11A9E6C8500147676 /* Release */ = {
			isa = XCBuildConfiguration;
			buildSettings = {
				HEADER_SEARCH_PATHS = (
					"$(inherited)",
					"$(SRCROOT)/Wechat",
				);
				LIBRARY_SEARCH_PATHS = (
					"$(inherited)",
					"$(PROJECT_DIR)/Wechat",
				);
				OTHER_LDFLAGS = "-ObjC";
				PRODUCT_NAME = RNWechat;
				SKIP_INSTALL = YES;
			};
			name = Release;
		};
/* End XCBuildConfiguration section */

/* Begin XCConfigurationList section */
		58B511D61A9E6C8500147676 /* Build configuration list for PBXProject "RNWechat" */ = {
			isa = XCConfigurationList;
			buildConfigurations = (
				58B511ED1A9E6C8500147676 /* Debug */,
				58B511EE1A9E6C8500147676 /* Release */,
			);
			defaultConfigurationIsVisible = 0;
			defaultConfigurationName = Release;
		};
		58B511EF1A9E6C8500147676 /* Build configuration list for PBXNativeTarget "RNWechat" */ = {
			isa = XCConfigurationList;
			buildConfigurations = (
				58B511F01A9E6C8500147676 /* Debug */,
				58B511F11A9E6C8500147676 /* Release */,
			);
			defaultConfigurationIsVisible = 0;
			defaultConfigurationName = Release;
		};
/* End XCConfigurationList section */
	};
	rootObject = 58B511D31A9E6C8500147676 /* Project object */;
}
